
Microsoft Visual Studio Solution File, Format Version 12.00
# Visual Studio Version 17
VisualStudioVersion = 17.12.35707.178 d17.12
MinimumVisualStudioVersion = 10.0.40219.1
Project("{FAE04EC0-301F-11D3-BF4B-00C04F79EFBC}") = "MovingEvenNumbersBeginningOfArray 001", "MovingEvenNumbersBeginningOfArray 001\MovingEvenNumbersBeginningOfArray 001.csproj", "{EA062629-D575-41DF-81E5-ECAAB02A23F8}"
EndProject
Global
	GlobalSection(SolutionConfigurationPlatforms) = preSolution
		Debug|Any CPU = Debug|Any CPU
		Release|Any CPU = Release|Any CPU
	EndGlobalSection
	GlobalSection(ProjectConfigurationPlatforms) = postSolution
		{EA062629-D575-41DF-81E5-ECAAB02A23F8}.Debug|Any CPU.ActiveCfg = Debug|Any CPU
		{EA062629-D575-41DF-81E5-ECAAB02A23F8}.Debug|Any CPU.Build.0 = Debug|Any CPU
		{EA062629-D575-41DF-81E5-ECAAB02A23F8}.Release|Any CPU.ActiveCfg = Release|Any CPU
		{EA062629-D575-41DF-81E5-ECAAB02A23F8}.Release|Any CPU.Build.0 = Release|Any CPU
	EndGlobalSection
	GlobalSection(SolutionProperties) = preSolution
		HideSolutionNode = FALSE
	EndGlobalSection
EndGlobal
